
Microsoft Visual Studio Solution File, Format Version 12.00
# Visual Studio Version 17
VisualStudioVersion = 17.4.33205.214
MinimumVisualStudioVersion = 10.0.40219.1
Project("{FAE04EC0-301F-11D3-BF4B-00C04F79EFBC}") = "HelloWorld", "DotNetTraining\HelloWorld.csproj", "{A74EC98A-AE05-4E4F-9F7A-7AB7E4CDD5A1}"
EndProject
Project("{FAE04EC0-301F-11D3-BF4B-00C04F79EFBC}") = "AssignmentQuestion3", "AssignmentQuestion3\AssignmentQuestion3.csproj", "{C014D93A-9608-4E57-82DD-E70818FD9E1F}"
EndProject
Project("{FAE04EC0-301F-11D3-BF4B-00C04F79EFBC}") = "BasicSyntax", "BasicSyntax\BasicSyntax.csproj", "{6392D20F-B978-49A3-89E4-A449F4E096B3}"
EndProject
Project("{FAE04EC0-301F-11D3-BF4B-00C04F79EFBC}") = "ConditionalOperator", "ConditionalOperator\ConditionalOperator.csproj", "{995DA38B-3D41-4615-98A4-1F2A0E9106CA}"
EndProject
Project("{FAE04EC0-301F-11D3-BF4B-00C04F79EFBC}") = "MathematicalOperations", "MathematicalOperations\MathematicalOperations.csproj", "{EF5F0C06-82AA-4D9F-B8A8-878A8C1C0524}"
EndProject
Project("{FAE04EC0-301F-11D3-BF4B-00C04F79EFBC}") = "RepeatationStatements", "RepeatationStatements\RepeatationStatements.csproj", "{A87F7E9F-C7E4-4B95-87DC-F3A3933F47E8}"
EndProject
Project("{FAE04EC0-301F-11D3-BF4B-00C04F79EFBC}") = "AssignmentQuestion1", "AssignmentQuestion1\AssignmentQuestion1.csproj", "{3C9055CC-A710-499C-952D-5F5BA97E60E2}"
EndProject
Project("{FAE04EC0-301F-11D3-BF4B-00C04F79EFBC}") = "AssignmentQuestion2", "AssignmentQuestion2\AssignmentQuestion2.csproj", "{492FEE72-BC84-42F9-836C-1E3E91D59E12}"
EndProject
Global
	GlobalSection(SolutionConfigurationPlatforms) = preSolution
		Debug|Any CPU = Debug|Any CPU
		Release|Any CPU = Release|Any CPU
	EndGlobalSection
	GlobalSection(ProjectConfigurationPlatforms) = postSolution
		{A74EC98A-AE05-4E4F-9F7A-7AB7E4CDD5A1}.Debug|Any CPU.ActiveCfg = Debug|Any CPU
		{A74EC98A-AE05-4E4F-9F7A-7AB7E4CDD5A1}.Debug|Any CPU.Build.0 = Debug|Any CPU
		{A74EC98A-AE05-4E4F-9F7A-7AB7E4CDD5A1}.Release|Any CPU.ActiveCfg = Release|Any CPU
		{A74EC98A-AE05-4E4F-9F7A-7AB7E4CDD5A1}.Release|Any CPU.Build.0 = Release|Any CPU
		{C014D93A-9608-4E57-82DD-E70818FD9E1F}.Debug|Any CPU.ActiveCfg = Debug|Any CPU
		{C014D93A-9608-4E57-82DD-E70818FD9E1F}.Debug|Any CPU.Build.0 = Debug|Any CPU
		{C014D93A-9608-4E57-82DD-E70818FD9E1F}.Release|Any CPU.ActiveCfg = Release|Any CPU
		{C014D93A-9608-4E57-82DD-E70818FD9E1F}.Release|Any CPU.Build.0 = Release|Any CPU
		{6392D20F-B978-49A3-89E4-A449F4E096B3}.Debug|Any CPU.ActiveCfg = Debug|Any CPU
		{6392D20F-B978-49A3-89E4-A449F4E096B3}.Debug|Any CPU.Build.0 = Debug|Any CPU
		{6392D20F-B978-49A3-89E4-A449F4E096B3}.Release|Any CPU.ActiveCfg = Release|Any CPU
		{6392D20F-B978-49A3-89E4-A449F4E096B3}.Release|Any CPU.Build.0 = Release|Any CPU
		{995DA38B-3D41-4615-98A4-1F2A0E9106CA}.Debug|Any CPU.ActiveCfg = Debug|Any CPU
		{995DA38B-3D41-4615-98A4-1F2A0E9106CA}.Debug|Any CPU.Build.0 = Debug|Any CPU
		{995DA38B-3D41-4615-98A4-1F2A0E9106CA}.Release|Any CPU.ActiveCfg = Release|Any CPU
		{995DA38B-3D41-4615-98A4-1F2A0E9106CA}.Release|Any CPU.Build.0 = Release|Any CPU
		{EF5F0C06-82AA-4D9F-B8A8-878A8C1C0524}.Debug|Any CPU.ActiveCfg = Debug|Any CPU
		{EF5F0C06-82AA-4D9F-B8A8-878A8C1C0524}.Debug|Any CPU.Build.0 = Debug|Any CPU
		{EF5F0C06-82AA-4D9F-B8A8-878A8C1C0524}.Release|Any CPU.ActiveCfg = Release|Any CPU
		{EF5F0C06-82AA-4D9F-B8A8-878A8C1C0524}.Release|Any CPU.Build.0 = Release|Any CPU
		{A87F7E9F-C7E4-4B95-87DC-F3A3933F47E8}.Debug|Any CPU.ActiveCfg = Debug|Any CPU
		{A87F7E9F-C7E4-4B95-87DC-F3A3933F47E8}.Debug|Any CPU.Build.0 = Debug|Any CPU
		{A87F7E9F-C7E4-4B95-87DC-F3A3933F47E8}.Release|Any CPU.ActiveCfg = Release|Any CPU
		{A87F7E9F-C7E4-4B95-87DC-F3A3933F47E8}.Release|Any CPU.Build.0 = Release|Any CPU
		{3C9055CC-A710-499C-952D-5F5BA97E60E2}.Debug|Any CPU.ActiveCfg = Debug|Any CPU
		{3C9055CC-A710-499C-952D-5F5BA97E60E2}.Debug|Any CPU.Build.0 = Debug|Any CPU
		{3C9055CC-A710-499C-952D-5F5BA97E60E2}.Release|Any CPU.ActiveCfg = Release|Any CPU
		{3C9055CC-A710-499C-952D-5F5BA97E60E2}.Release|Any CPU.Build.0 = Release|Any CPU
		{492FEE72-BC84-42F9-836C-1E3E91D59E12}.Debug|Any CPU.ActiveCfg = Debug|Any CPU
		{492FEE72-BC84-42F9-836C-1E3E91D59E12}.Debug|Any CPU.Build.0 = Debug|Any CPU
		{492FEE72-BC84-42F9-836C-1E3E91D59E12}.Release|Any CPU.ActiveCfg = Release|Any CPU
		{492FEE72-BC84-42F9-836C-1E3E91D59E12}.Release|Any CPU.Build.0 = Release|Any CPU
	EndGlobalSection
	GlobalSection(SolutionProperties) = preSolution
		HideSolutionNode = FALSE
	EndGlobalSection
	GlobalSection(ExtensibilityGlobals) = postSolution
		SolutionGuid = {EE36FF4A-C0FA-4FB5-B96A-3BBE37977A79}
	EndGlobalSection
EndGlobal
